
Microsoft Visual Studio Solution File, Format Version 12.00
# Visual Studio Version 17
VisualStudioVersion = 17.11.35312.102
MinimumVisualStudioVersion = 10.0.40219.1
Project("{8BC9CEB8-8B4A-11D0-8D11-00A0C91BC942}") = "gat_ary", "gat_ary.vcxproj", "{3104CD84-3B79-428D-8FF4-B103AA4212D9}"
EndProject
Global
	GlobalSection(SolutionConfigurationPlatforms) = preSolution
		Debug|x64 = Debug|x64
		Debug|x86 = Debug|x86
		Release|x64 = Release|x64
		Release|x86 = Release|x86
	EndGlobalSection
	GlobalSection(ProjectConfigurationPlatforms) = postSolution
		{3104CD84-3B79-428D-8FF4-B103AA4212D9}.Debug|x64.ActiveCfg = Debug|x64
		{3104CD84-3B79-428D-8FF4-B103AA4212D9}.Debug|x64.Build.0 = Debug|x64
		{3104CD84-3B79-428D-8FF4-B103AA4212D9}.Debug|x86.ActiveCfg = Debug|Win32
		{3104CD84-3B79-428D-8FF4-B103AA4212D9}.Debug|x86.Build.0 = Debug|Win32
		{3104CD84-3B79-428D-8FF4-B103AA4212D9}.Release|x64.ActiveCfg = Release|x64
		{3104CD84-3B79-428D-8FF4-B103AA4212D9}.Release|x64.Build.0 = Release|x64
		{3104CD84-3B79-428D-8FF4-B103AA4212D9}.Release|x86.ActiveCfg = Release|Win32
		{3104CD84-3B79-428D-8FF4-B103AA4212D9}.Release|x86.Build.0 = Release|Win32
	EndGlobalSection
	GlobalSection(SolutionProperties) = preSolution
		HideSolutionNode = FALSE
	EndGlobalSection
	GlobalSection(ExtensibilityGlobals) = postSolution
		SolutionGuid = {35CF8500-BF67-408B-AB37-69F89777F5C7}
	EndGlobalSection
EndGlobal
